{
   "name": "@roddynpm/bs-ppx_deriving_yojson",
   "version": "0.0.1",
   "lockfileVersion": 1,
   "requires": true,
   "dependencies": {
      "@elliottcable/bs-result": {
         "version": "12.0.0-pre.2",
         "resolved": "https://registry.npmjs.org/@elliottcable/bs-result/-/bs-result-12.0.0-pre.2.tgz",
         "integrity": "sha512-LcumETpqfURAVy3hIXZ1M8zJJE1VFmh+zjyvHztKM25mJtNFMoXTr7p+y1fdDRIzUWuk+dV2EWC2yvQZ6V1+bw=="
      },
      "bs-deriving": {
         "version": "44.0.0",
         "resolved": "https://registry.npmjs.org/bs-deriving/-/bs-deriving-44.0.0.tgz",
         "integrity": "sha512-Cseqz+wNnZKgHtnzNLPQw5quks9giHSrO7ktKYw1DN3ZRga74n49QZzgNBeOjDMRjBuHpP7q3/Zlrh00+OxT5w==",
         "requires": {
            "@elliottcable/bs-result": "^12.0.0-pre.2"
         }
      },
      "bs-platform": {
         "version": "5.0.6",
         "resolved": "https://registry.npmjs.org/bs-platform/-/bs-platform-5.0.6.tgz",
         "integrity": "sha512-6Boa2VEcWJp2WJr38L7bp3J929nYha7gDarjxb070jWzgfPJ/WbzjipmSfnu2eqqk1MfjEIpBipbPz6n1NISwA==",
         "dev": true
      }
   }
}
